// !$*UTF8*$!
{
	archiveVersion = 1;
	classes = {
	};
	objectVersion = 77;
	objects = {

/* Begin PBXBuildFile section */
		1ED00539D95D1E2C13F929BC /* ModelMetadataTests.swift in Sources */ = {isa = PBXBuildFile; fileRef = 32B2CEB938AC18FC5E4A6AF7 /* ModelMetadataTests.swift */; };
		1F48344B08F2C70D4969A7DC /* ServerDriver.swift in Sources */ = {isa = PBXBuildFile; fileRef = 38A1562DDF9D5E69259FE8C5 /* ServerDriver.swift */; };
		20F3C86AC761415A92A4C2FE /* InMemoryPersistenceService.swift in Sources */ = {isa = PBXBuildFile; fileRef = 9DA845FEBF3FF1430E28C478 /* InMemoryPersistenceService.swift */; };
		315A5AD8525294BE214890A3 /* MockServerDriver.swift in Sources */ = {isa = PBXBuildFile; fileRef = 2F5F1BD2C47F51F050305A71 /* MockServerDriver.swift */; };
		34420F8BDD05C9F1181BB5C1 /* PathScannerTests.swift in Sources */ = {isa = PBXBuildFile; fileRef = C7D695D9F75D25D4386E4FA0 /* PathScannerTests.swift */; };
		3604DBFC9EAE35E9CFB50B90 /* PersistenceService.swift in Sources */ = {isa = PBXBuildFile; fileRef = FE6A1585892318B6EAEA933E /* PersistenceService.swift */; };
		3650FCD23E04D65727F014A7 /* DataModel.swift in Sources */ = {isa = PBXBuildFile; fileRef = 3933141FF75C961928BE5D67 /* DataModel.swift */; };
		40295178273ED33CA14B9EB7 /* InstancePhase.swift in Sources */ = {isa = PBXBuildFile; fileRef = AE7FFD95CF1DEE0683C5981D /* InstancePhase.swift */; };
		52E2731A6755F1D4B1E9DD79 /* InstancePhaseTests.swift in Sources */ = {isa = PBXBuildFile; fileRef = BB0258C400AEAD6F0ED41D8B /* InstancePhaseTests.swift */; };
		5E0DD7C58B51C7E2EDAF4B21 /* ModelMetadataParserTests.swift in Sources */ = {isa = PBXBuildFile; fileRef = 9ABB74DA62E4DEA7F39F7AC3 /* ModelMetadataParserTests.swift */; };
		66710B66AF2D6606D98CA77C /* ServerInstanceControllerTests.swift in Sources */ = {isa = PBXBuildFile; fileRef = D2948F9148518C1B611FE4D3 /* ServerInstanceControllerTests.swift */; };
		66928F7E2AE1B739A3233165 /* InstanceRegistryTests.swift in Sources */ = {isa = PBXBuildFile; fileRef = EDF3FB9254083A1A42F9A764 /* InstanceRegistryTests.swift */; };
		6F44F4F3B8015DD713F69AE8 /* InstanceRegistry.swift in Sources */ = {isa = PBXBuildFile; fileRef = 54AF8055044E68912FA6DAD8 /* InstanceRegistry.swift */; };
		890BC0B732DFE0657498203A /* ServerInstanceController.swift in Sources */ = {isa = PBXBuildFile; fileRef = 6A5C73C11021A70E27B08432 /* ServerInstanceController.swift */; };
		91244D9B4587CFE09884932C /* PathScanner.swift in Sources */ = {isa = PBXBuildFile; fileRef = FC6C242D3B2C765E99A1152D /* PathScanner.swift */; };
		9A96C03697F82CA7F004B4D2 /* LocalBarApp.swift in Sources */ = {isa = PBXBuildFile; fileRef = D0511056396659F5F4AE57CA /* LocalBarApp.swift */; };
		9DC45E089778264A508BC312 /* OllamaDriverTests.swift in Sources */ = {isa = PBXBuildFile; fileRef = 1D31AF2A10F19DB8B4675636 /* OllamaDriverTests.swift */; };
		AAA79F0F4ABCAFCDD915F857 /* MenuBarView.swift in Sources */ = {isa = PBXBuildFile; fileRef = 2E44B7698644F73666C45EA1 /* MenuBarView.swift */; };
		B2CE0A984DA3E6F030E21FBC /* DataModelTests.swift in Sources */ = {isa = PBXBuildFile; fileRef = FA6B0C708553D76FFDA8263E /* DataModelTests.swift */; };
		B9E298D59DC42B360529C159 /* DriverRegistry.swift in Sources */ = {isa = PBXBuildFile; fileRef = FBB5EF78474568C7D616E3DF /* DriverRegistry.swift */; };
		C41D79F540D1DB530FF79E5D /* Assets.xcassets in Resources */ = {isa = PBXBuildFile; fileRef = 2861FE6D9598DDFCA190FA21 /* Assets.xcassets */; };
		C57A8F287F08D425B8C946E0 /* MLXLMDriver.swift in Sources */ = {isa = PBXBuildFile; fileRef = E40754FD60904F5EFAEE5597 /* MLXLMDriver.swift */; };
		CD44450996112348E6AADD1A /* SettingsView.swift in Sources */ = {isa = PBXBuildFile; fileRef = 783467F267AC9F16F8AD3092 /* SettingsView.swift */; };
		CD93416484E9CBA5B19A18CC /* MLXLMDriverTests.swift in Sources */ = {isa = PBXBuildFile; fileRef = 6869D6CC2458793D7FBE4FE9 /* MLXLMDriverTests.swift */; };
		DC517B01846ECF0C5ABA296D /* PersistenceServiceTests.swift in Sources */ = {isa = PBXBuildFile; fileRef = 525388C356F32866AD1454E8 /* PersistenceServiceTests.swift */; };
		F97A9AB1DA70E5706E3E56E3 /* OllamaDriver.swift in Sources */ = {isa = PBXBuildFile; fileRef = CFF3EA5D31A174D160395B4E /* OllamaDriver.swift */; };
/* End PBXBuildFile section */

/* Begin PBXContainerItemProxy section */
		5FD6B12FEE07EAB778B2E7E0 /* PBXContainerItemProxy */ = {
			isa = PBXContainerItemProxy;
			containerPortal = B7F02C71AC41162628021677 /* Project object */;
			proxyType = 1;
			remoteGlobalIDString = 4465BEBB90CDB09797356C87;
			remoteInfo = LocalBar;
		};
		E9849D3ADCF6EB951AEF5CF1 /* PBXContainerItemProxy */ = {
			isa = PBXContainerItemProxy;
			containerPortal = B7F02C71AC41162628021677 /* Project object */;
			proxyType = 1;
			remoteGlobalIDString = 4465BEBB90CDB09797356C87;
			remoteInfo = LocalBar;
		};
/* End PBXContainerItemProxy section */

/* Begin PBXFileReference section */
		0884DF36EB914ECF1C9DEE06 /* LocalBarUITests.xctest */ = {isa = PBXFileReference; explicitFileType = wrapper.cfbundle; includeInIndex = 0; path = LocalBarUITests.xctest; sourceTree = BUILT_PRODUCTS_DIR; };
		1D31AF2A10F19DB8B4675636 /* OllamaDriverTests.swift */ = {isa = PBXFileReference; lastKnownFileType = sourcecode.swift; path = OllamaDriverTests.swift; sourceTree = "<group>"; };
		2861FE6D9598DDFCA190FA21 /* Assets.xcassets */ = {isa = PBXFileReference; lastKnownFileType = folder.assetcatalog; path = Assets.xcassets; sourceTree = "<group>"; };
		2E44B7698644F73666C45EA1 /* MenuBarView.swift */ = {isa = PBXFileReference; lastKnownFileType = sourcecode.swift; path = MenuBarView.swift; sourceTree = "<group>"; };
		2F5F1BD2C47F51F050305A71 /* MockServerDriver.swift */ = {isa = PBXFileReference; lastKnownFileType = sourcecode.swift; path = MockServerDriver.swift; sourceTree = "<group>"; };
		32B2CEB938AC18FC5E4A6AF7 /* ModelMetadataTests.swift */ = {isa = PBXFileReference; lastKnownFileType = sourcecode.swift; path = ModelMetadataTests.swift; sourceTree = "<group>"; };
		38A1562DDF9D5E69259FE8C5 /* ServerDriver.swift */ = {isa = PBXFileReference; lastKnownFileType = sourcecode.swift; path = ServerDriver.swift; sourceTree = "<group>"; };
		3933141FF75C961928BE5D67 /* DataModel.swift */ = {isa = PBXFileReference; lastKnownFileType = sourcecode.swift; path = DataModel.swift; sourceTree = "<group>"; };
		486A231B0B2C1E8F82A08D60 /* LocalBar.app */ = {isa = PBXFileReference; explicitFileType = wrapper.application; includeInIndex = 0; path = LocalBar.app; sourceTree = BUILT_PRODUCTS_DIR; };
		525388C356F32866AD1454E8 /* PersistenceServiceTests.swift */ = {isa = PBXFileReference; lastKnownFileType = sourcecode.swift; path = PersistenceServiceTests.swift; sourceTree = "<group>"; };
		54AF8055044E68912FA6DAD8 /* InstanceRegistry.swift */ = {isa = PBXFileReference; lastKnownFileType = sourcecode.swift; path = InstanceRegistry.swift; sourceTree = "<group>"; };
		6869D6CC2458793D7FBE4FE9 /* MLXLMDriverTests.swift */ = {isa = PBXFileReference; lastKnownFileType = sourcecode.swift; path = MLXLMDriverTests.swift; sourceTree = "<group>"; };
		6A5C73C11021A70E27B08432 /* ServerInstanceController.swift */ = {isa = PBXFileReference; lastKnownFileType = sourcecode.swift; path = ServerInstanceController.swift; sourceTree = "<group>"; };
		783467F267AC9F16F8AD3092 /* SettingsView.swift */ = {isa = PBXFileReference; lastKnownFileType = sourcecode.swift; path = SettingsView.swift; sourceTree = "<group>"; };
		9ABB74DA62E4DEA7F39F7AC3 /* ModelMetadataParserTests.swift */ = {isa = PBXFileReference; lastKnownFileType = sourcecode.swift; path = ModelMetadataParserTests.swift; sourceTree = "<group>"; };
		9DA845FEBF3FF1430E28C478 /* InMemoryPersistenceService.swift */ = {isa = PBXFileReference; lastKnownFileType = sourcecode.swift; path = InMemoryPersistenceService.swift; sourceTree = "<group>"; };
		AE7FFD95CF1DEE0683C5981D /* InstancePhase.swift */ = {isa = PBXFileReference; lastKnownFileType = sourcecode.swift; path = InstancePhase.swift; sourceTree = "<group>"; };
		BB0258C400AEAD6F0ED41D8B /* InstancePhaseTests.swift */ = {isa = PBXFileReference; lastKnownFileType = sourcecode.swift; path = InstancePhaseTests.swift; sourceTree = "<group>"; };
		BBF8DF1E716F0152BA07BE52 /* LocalBarTests.xctest */ = {isa = PBXFileReference; explicitFileType = wrapper.cfbundle; includeInIndex = 0; path = LocalBarTests.xctest; sourceTree = BUILT_PRODUCTS_DIR; };
		C7D695D9F75D25D4386E4FA0 /* PathScannerTests.swift */ = {isa = PBXFileReference; lastKnownFileType = sourcecode.swift; path = PathScannerTests.swift; sourceTree = "<group>"; };
		CFF3EA5D31A174D160395B4E /* OllamaDriver.swift */ = {isa = PBXFileReference; lastKnownFileType = sourcecode.swift; path = OllamaDriver.swift; sourceTree = "<group>"; };
		D0511056396659F5F4AE57CA /* LocalBarApp.swift */ = {isa = PBXFileReference; lastKnownFileType = sourcecode.swift; path = LocalBarApp.swift; sourceTree = "<group>"; };
		D2948F9148518C1B611FE4D3 /* ServerInstanceControllerTests.swift */ = {isa = PBXFileReference; lastKnownFileType = sourcecode.swift; path = ServerInstanceControllerTests.swift; sourceTree = "<group>"; };
		E40754FD60904F5EFAEE5597 /* MLXLMDriver.swift */ = {isa = PBXFileReference; lastKnownFileType = sourcecode.swift; path = MLXLMDriver.swift; sourceTree = "<group>"; };
		EDF3FB9254083A1A42F9A764 /* InstanceRegistryTests.swift */ = {isa = PBXFileReference; lastKnownFileType = sourcecode.swift; path = InstanceRegistryTests.swift; sourceTree = "<group>"; };
		FA6B0C708553D76FFDA8263E /* DataModelTests.swift */ = {isa = PBXFileReference; lastKnownFileType = sourcecode.swift; path = DataModelTests.swift; sourceTree = "<group>"; };
		FBB5EF78474568C7D616E3DF /* DriverRegistry.swift */ = {isa = PBXFileReference; lastKnownFileType = sourcecode.swift; path = DriverRegistry.swift; sourceTree = "<group>"; };
		FC6C242D3B2C765E99A1152D /* PathScanner.swift */ = {isa = PBXFileReference; lastKnownFileType = sourcecode.swift; path = PathScanner.swift; sourceTree = "<group>"; };
		FE6A1585892318B6EAEA933E /* PersistenceService.swift */ = {isa = PBXFileReference; lastKnownFileType = sourcecode.swift; path = PersistenceService.swift; sourceTree = "<group>"; };
/* End PBXFileReference section */

/* Begin PBXGroup section */
		17E71BA6C91E21947538F80F /* Products */ = {
			isa = PBXGroup;
			children = (
				486A231B0B2C1E8F82A08D60 /* LocalBar.app */,
				BBF8DF1E716F0152BA07BE52 /* LocalBarTests.xctest */,
				0884DF36EB914ECF1C9DEE06 /* LocalBarUITests.xctest */,
			);
			name = Products;
			sourceTree = "<group>";
		};
		320E4FB73EC0CF94EE2D8D48 /* LocalBar */ = {
			isa = PBXGroup;
			children = (
				BC4F81A2746FC0FC0E490E8E /* App */,
				7FFCB1E198BB3093B60DE2DE /* Core */,
				A82D03392B809A5525C63E8C /* Drivers */,
				65A4220AE7DC0067D41E5CCC /* Resources */,
				613E3FFF0D068B69E686DBC1 /* Services */,
				F98CAC2D2FC599FE8F882086 /* UI */,
			);
			path = LocalBar;
			sourceTree = "<group>";
		};
		3215D9221145FBA725E17676 = {
			isa = PBXGroup;
			children = (
				320E4FB73EC0CF94EE2D8D48 /* LocalBar */,
				804ABCC8932AC651D4B06F4E /* LocalBarTests */,
				6C0E12081CECD00713DAC34A /* LocalBarUITests */,
				17E71BA6C91E21947538F80F /* Products */,
			);
			sourceTree = "<group>";
		};
		613E3FFF0D068B69E686DBC1 /* Services */ = {
			isa = PBXGroup;
			children = (
				54AF8055044E68912FA6DAD8 /* InstanceRegistry.swift */,
				FC6C242D3B2C765E99A1152D /* PathScanner.swift */,
				FE6A1585892318B6EAEA933E /* PersistenceService.swift */,
				6A5C73C11021A70E27B08432 /* ServerInstanceController.swift */,
			);
			path = Services;
			sourceTree = "<group>";
		};
		65A4220AE7DC0067D41E5CCC /* Resources */ = {
			isa = PBXGroup;
			children = (
				2861FE6D9598DDFCA190FA21 /* Assets.xcassets */,
			);
			path = Resources;
			sourceTree = "<group>";
		};
		6C0E12081CECD00713DAC34A /* LocalBarUITests */ = {
			isa = PBXGroup;
			children = (
			);
			path = LocalBarUITests;
			sourceTree = "<group>";
		};
		7FFCB1E198BB3093B60DE2DE /* Core */ = {
			isa = PBXGroup;
			children = (
				3933141FF75C961928BE5D67 /* DataModel.swift */,
				AE7FFD95CF1DEE0683C5981D /* InstancePhase.swift */,
				38A1562DDF9D5E69259FE8C5 /* ServerDriver.swift */,
			);
			path = Core;
			sourceTree = "<group>";
		};
		804ABCC8932AC651D4B06F4E /* LocalBarTests */ = {
			isa = PBXGroup;
			children = (
				FA6B0C708553D76FFDA8263E /* DataModelTests.swift */,
				9DA845FEBF3FF1430E28C478 /* InMemoryPersistenceService.swift */,
				BB0258C400AEAD6F0ED41D8B /* InstancePhaseTests.swift */,
				EDF3FB9254083A1A42F9A764 /* InstanceRegistryTests.swift */,
				6869D6CC2458793D7FBE4FE9 /* MLXLMDriverTests.swift */,
				2F5F1BD2C47F51F050305A71 /* MockServerDriver.swift */,
				9ABB74DA62E4DEA7F39F7AC3 /* ModelMetadataParserTests.swift */,
				32B2CEB938AC18FC5E4A6AF7 /* ModelMetadataTests.swift */,
				1D31AF2A10F19DB8B4675636 /* OllamaDriverTests.swift */,
				C7D695D9F75D25D4386E4FA0 /* PathScannerTests.swift */,
				525388C356F32866AD1454E8 /* PersistenceServiceTests.swift */,
				D2948F9148518C1B611FE4D3 /* ServerInstanceControllerTests.swift */,
			);
			path = LocalBarTests;
			sourceTree = "<group>";
		};
		A82D03392B809A5525C63E8C /* Drivers */ = {
			isa = PBXGroup;
			children = (
				FBB5EF78474568C7D616E3DF /* DriverRegistry.swift */,
				E40754FD60904F5EFAEE5597 /* MLXLMDriver.swift */,
				CFF3EA5D31A174D160395B4E /* OllamaDriver.swift */,
			);
			path = Drivers;
			sourceTree = "<group>";
		};
		BC4F81A2746FC0FC0E490E8E /* App */ = {
			isa = PBXGroup;
			children = (
				D0511056396659F5F4AE57CA /* LocalBarApp.swift */,
			);
			path = App;
			sourceTree = "<group>";
		};
		F98CAC2D2FC599FE8F882086 /* UI */ = {
			isa = PBXGroup;
			children = (
				2E44B7698644F73666C45EA1 /* MenuBarView.swift */,
				783467F267AC9F16F8AD3092 /* SettingsView.swift */,
			);
			path = UI;
			sourceTree = "<group>";
		};
/* End PBXGroup section */

/* Begin PBXNativeTarget section */
		4465BEBB90CDB09797356C87 /* LocalBar */ = {
			isa = PBXNativeTarget;
			buildConfigurationList = D62D1518316FAFC148014316 /* Build configuration list for PBXNativeTarget "LocalBar" */;
			buildPhases = (
				7A6451C165E52AA1677BA52D /* Sources */,
				8E1B05594A041DFC08DF1F78 /* Resources */,
			);
			buildRules = (
			);
			dependencies = (
			);
			name = LocalBar;
			packageProductDependencies = (
			);
			productName = LocalBar;
			productReference = 486A231B0B2C1E8F82A08D60 /* LocalBar.app */;
			productType = "com.apple.product-type.application";
		};
		D46AE0BA2180FB4BF86AD8CA /* LocalBarTests */ = {
			isa = PBXNativeTarget;
			buildConfigurationList = A9CC3009C6519CC562B64E91 /* Build configuration list for PBXNativeTarget "LocalBarTests" */;
			buildPhases = (
				19BCACF02D3EE6A92C1BC174 /* Sources */,
			);
			buildRules = (
			);
			dependencies = (
				FC369D351DC3688C467A7A58 /* PBXTargetDependency */,
			);
			name = LocalBarTests;
			packageProductDependencies = (
			);
			productName = LocalBarTests;
			productReference = BBF8DF1E716F0152BA07BE52 /* LocalBarTests.xctest */;
			productType = "com.apple.product-type.bundle.unit-test";
		};
		EAD45FB4B0EDA66FBB0A3D93 /* LocalBarUITests */ = {
			isa = PBXNativeTarget;
			buildConfigurationList = F1FA2BD40AA5410C7BA5C8DF /* Build configuration list for PBXNativeTarget "LocalBarUITests" */;
			buildPhases = (
				271810DEC1F015896FE0592F /* Sources */,
			);
			buildRules = (
			);
			dependencies = (
				0470A737010244187C7793D9 /* PBXTargetDependency */,
			);
			name = LocalBarUITests;
			packageProductDependencies = (
			);
			productName = LocalBarUITests;
			productReference = 0884DF36EB914ECF1C9DEE06 /* LocalBarUITests.xctest */;
			productType = "com.apple.product-type.bundle.ui-testing";
		};
/* End PBXNativeTarget section */

/* Begin PBXProject section */
		B7F02C71AC41162628021677 /* Project object */ = {
			isa = PBXProject;
			attributes = {
				BuildIndependentTargetsInParallel = YES;
				LastUpgradeCheck = 1500;
				TargetAttributes = {
					EAD45FB4B0EDA66FBB0A3D93 = {
						TestTargetID = 4465BEBB90CDB09797356C87;
					};
				};
			};
			buildConfigurationList = EEAE4F1891B085FC5BBFA7B1 /* Build configuration list for PBXProject "LocalBar" */;
			developmentRegion = en;
			hasScannedForEncodings = 0;
			knownRegions = (
				Base,
				en,
			);
			mainGroup = 3215D9221145FBA725E17676;
			minimizedProjectReferenceProxies = 1;
			preferredProjectObjectVersion = 77;
			productRefGroup = 17E71BA6C91E21947538F80F /* Products */;
			projectDirPath = "";
			projectRoot = "";
			targets = (
				4465BEBB90CDB09797356C87 /* LocalBar */,
				D46AE0BA2180FB4BF86AD8CA /* LocalBarTests */,
				EAD45FB4B0EDA66FBB0A3D93 /* LocalBarUITests */,
			);
		};
/* End PBXProject section */

/* Begin PBXResourcesBuildPhase section */
		8E1B05594A041DFC08DF1F78 /* Resources */ = {
			isa = PBXResourcesBuildPhase;
			buildActionMask = 2147483647;
			files = (
				C41D79F540D1DB530FF79E5D /* Assets.xcassets in Resources */,
			);
			runOnlyForDeploymentPostprocessing = 0;
		};
/* End PBXResourcesBuildPhase section */

/* Begin PBXSourcesBuildPhase section */
		19BCACF02D3EE6A92C1BC174 /* Sources */ = {
			isa = PBXSourcesBuildPhase;
			buildActionMask = 2147483647;
			files = (
				B2CE0A984DA3E6F030E21FBC /* DataModelTests.swift in Sources */,
				20F3C86AC761415A92A4C2FE /* InMemoryPersistenceService.swift in Sources */,
				52E2731A6755F1D4B1E9DD79 /* InstancePhaseTests.swift in Sources */,
				66928F7E2AE1B739A3233165 /* InstanceRegistryTests.swift in Sources */,
				CD93416484E9CBA5B19A18CC /* MLXLMDriverTests.swift in Sources */,
				315A5AD8525294BE214890A3 /* MockServerDriver.swift in Sources */,
				5E0DD7C58B51C7E2EDAF4B21 /* ModelMetadataParserTests.swift in Sources */,
				1ED00539D95D1E2C13F929BC /* ModelMetadataTests.swift in Sources */,
				9DC45E089778264A508BC312 /* OllamaDriverTests.swift in Sources */,
				34420F8BDD05C9F1181BB5C1 /* PathScannerTests.swift in Sources */,
				DC517B01846ECF0C5ABA296D /* PersistenceServiceTests.swift in Sources */,
				66710B66AF2D6606D98CA77C /* ServerInstanceControllerTests.swift in Sources */,
			);
			runOnlyForDeploymentPostprocessing = 0;
		};
		271810DEC1F015896FE0592F /* Sources */ = {
			isa = PBXSourcesBuildPhase;
			buildActionMask = 2147483647;
			files = (
			);
			runOnlyForDeploymentPostprocessing = 0;
		};
		7A6451C165E52AA1677BA52D /* Sources */ = {
			isa = PBXSourcesBuildPhase;
			buildActionMask = 2147483647;
			files = (
				3650FCD23E04D65727F014A7 /* DataModel.swift in Sources */,
				B9E298D59DC42B360529C159 /* DriverRegistry.swift in Sources */,
				40295178273ED33CA14B9EB7 /* InstancePhase.swift in Sources */,
				6F44F4F3B8015DD713F69AE8 /* InstanceRegistry.swift in Sources */,
				9A96C03697F82CA7F004B4D2 /* LocalBarApp.swift in Sources */,
				C57A8F287F08D425B8C946E0 /* MLXLMDriver.swift in Sources */,
				AAA79F0F4ABCAFCDD915F857 /* MenuBarView.swift in Sources */,
				F97A9AB1DA70E5706E3E56E3 /* OllamaDriver.swift in Sources */,
				91244D9B4587CFE09884932C /* PathScanner.swift in Sources */,
				3604DBFC9EAE35E9CFB50B90 /* PersistenceService.swift in Sources */,
				1F48344B08F2C70D4969A7DC /* ServerDriver.swift in Sources */,
				890BC0B732DFE0657498203A /* ServerInstanceController.swift in Sources */,
				CD44450996112348E6AADD1A /* SettingsView.swift in Sources */,
			);
			runOnlyForDeploymentPostprocessing = 0;
		};
/* End PBXSourcesBuildPhase section */

/* Begin PBXTargetDependency section */
		0470A737010244187C7793D9 /* PBXTargetDependency */ = {
			isa = PBXTargetDependency;
			target = 4465BEBB90CDB09797356C87 /* LocalBar */;
			targetProxy = E9849D3ADCF6EB951AEF5CF1 /* PBXContainerItemProxy */;
		};
		FC369D351DC3688C467A7A58 /* PBXTargetDependency */ = {
			isa = PBXTargetDependency;
			target = 4465BEBB90CDB09797356C87 /* LocalBar */;
			targetProxy = 5FD6B12FEE07EAB778B2E7E0 /* PBXContainerItemProxy */;
		};
/* End PBXTargetDependency section */

/* Begin XCBuildConfiguration section */
		0EA35F107BAE87E3C9665495 /* Release */ = {
			isa = XCBuildConfiguration;
			buildSettings = {
				BUNDLE_LOADER = "$(TEST_HOST)";
				COMBINE_HIDPI_IMAGES = YES;
				GENERATE_INFOPLIST_FILE = YES;
				LD_RUNPATH_SEARCH_PATHS = (
					"$(inherited)",
					"@executable_path/Frameworks",
					"@loader_path/Frameworks",
				);
				MACOSX_DEPLOYMENT_TARGET = 14.0;
				PRODUCT_BUNDLE_IDENTIFIER = com.localbar.uitests;
				SDKROOT = macosx;
				TEST_TARGET_NAME = LocalBar;
			};
			name = Release;
		};
		20F8FECD4EF94DDD0C9DD60E /* Release */ = {
			isa = XCBuildConfiguration;
			buildSettings = {
				ASSETCATALOG_COMPILER_APPICON_NAME = AppIcon;
				COMBINE_HIDPI_IMAGES = YES;
				INFOPLIST_FILE = LocalBar/Resources/Info.plist;
				LD_RUNPATH_SEARCH_PATHS = (
					"$(inherited)",
					"@executable_path/../Frameworks",
				);
				MACOSX_DEPLOYMENT_TARGET = 14.0;
				PRODUCT_BUNDLE_IDENTIFIER = com.localbar.app;
				SDKROOT = macosx;
				SWIFT_ACTIVE_COMPILATION_CONDITIONS = "";
			};
			name = Release;
		};
		28EEF904A1C9BA04390B25DA /* Debug */ = {
			isa = XCBuildConfiguration;
			buildSettings = {
				ALWAYS_SEARCH_USER_PATHS = NO;
				CLANG_ANALYZER_NONNULL = YES;
				CLANG_ANALYZER_NUMBER_OBJECT_CONVERSION = YES_AGGRESSIVE;
				CLANG_CXX_LANGUAGE_STANDARD = "gnu++14";
				CLANG_CXX_LIBRARY = "libc++";
				CLANG_ENABLE_MODULES = YES;
				CLANG_ENABLE_OBJC_ARC = YES;
				CLANG_ENABLE_OBJC_WEAK = YES;
				CLANG_WARN_BLOCK_CAPTURE_AUTORELEASING = YES;
				CLANG_WARN_BOOL_CONVERSION = YES;
				CLANG_WARN_COMMA = YES;
				CLANG_WARN_CONSTANT_CONVERSION = YES;
				CLANG_WARN_DEPRECATED_OBJC_IMPLEMENTATIONS = YES;
				CLANG_WARN_DIRECT_OBJC_ISA_USAGE = YES_ERROR;
				CLANG_WARN_DOCUMENTATION_COMMENTS = YES;
				CLANG_WARN_EMPTY_BODY = YES;
				CLANG_WARN_ENUM_CONVERSION = YES;
				CLANG_WARN_INFINITE_RECURSION = YES;
				CLANG_WARN_INT_CONVERSION = YES;
				CLANG_WARN_NON_LITERAL_NULL_CONVERSION = YES;
				CLANG_WARN_OBJC_IMPLICIT_RETAIN_SELF = YES;
				CLANG_WARN_OBJC_LITERAL_CONVERSION = YES;
				CLANG_WARN_OBJC_ROOT_CLASS = YES_ERROR;
				CLANG_WARN_QUOTED_INCLUDE_IN_FRAMEWORK_HEADER = YES;
				CLANG_WARN_RANGE_LOOP_ANALYSIS = YES;
				CLANG_WARN_STRICT_PROTOTYPES = YES;
				CLANG_WARN_SUSPICIOUS_MOVE = YES;
				CLANG_WARN_UNGUARDED_AVAILABILITY = YES_AGGRESSIVE;
				CLANG_WARN_UNREACHABLE_CODE = YES;
				CLANG_WARN__DUPLICATE_METHOD_MATCH = YES;
				COPY_PHASE_STRIP = NO;
				DEBUG_INFORMATION_FORMAT = "dwarf-with-dsym";
				ENABLE_HARDENED_RUNTIME = YES;
				ENABLE_STRICT_OBJC_MSGSEND = YES;
				ENABLE_TESTABILITY = YES;
				GCC_C_LANGUAGE_STANDARD = gnu11;
				GCC_DYNAMIC_NO_PIC = NO;
				GCC_NO_COMMON_BLOCKS = YES;
				GCC_OPTIMIZATION_LEVEL = 0;
				GCC_PREPROCESSOR_DEFINITIONS = (
					"$(inherited)",
					"DEBUG=1",
				);
				GCC_WARN_64_TO_32_BIT_CONVERSION = YES;
				GCC_WARN_ABOUT_RETURN_TYPE = YES_ERROR;
				GCC_WARN_UNDECLARED_SELECTOR = YES;
				GCC_WARN_UNINITIALIZED_AUTOS = YES_AGGRESSIVE;
				GCC_WARN_UNUSED_FUNCTION = YES;
				GCC_WARN_UNUSED_VARIABLE = YES;
				MACOSX_DEPLOYMENT_TARGET = 14.0;
				MTL_ENABLE_DEBUG_INFO = INCLUDE_SOURCE;
				MTL_FAST_MATH = YES;
				ONLY_ACTIVE_ARCH = YES;
				PRODUCT_NAME = "$(TARGET_NAME)";
				SDKROOT = macosx;
				SWIFT_ACTIVE_COMPILATION_CONDITIONS = DEBUG;
				SWIFT_OPTIMIZATION_LEVEL = "-Onone";
				SWIFT_VERSION = 5.10;
			};
			name = Debug;
		};
		360806EEB963C2D2E822705A /* Debug */ = {
			isa = XCBuildConfiguration;
			buildSettings = {
				ASSETCATALOG_COMPILER_APPICON_NAME = AppIcon;
				COMBINE_HIDPI_IMAGES = YES;
				INFOPLIST_FILE = LocalBar/Resources/Info.plist;
				LD_RUNPATH_SEARCH_PATHS = (
					"$(inherited)",
					"@executable_path/../Frameworks",
				);
				MACOSX_DEPLOYMENT_TARGET = 14.0;
				PRODUCT_BUNDLE_IDENTIFIER = com.localbar.app;
				SDKROOT = macosx;
				SWIFT_ACTIVE_COMPILATION_CONDITIONS = DEBUG;
			};
			name = Debug;
		};
		626A666DA5A49FC65E1BFD97 /* Release */ = {
			isa = XCBuildConfiguration;
			buildSettings = {
				ALWAYS_SEARCH_USER_PATHS = NO;
				CLANG_ANALYZER_NONNULL = YES;
				CLANG_ANALYZER_NUMBER_OBJECT_CONVERSION = YES_AGGRESSIVE;
				CLANG_CXX_LANGUAGE_STANDARD = "gnu++14";
				CLANG_CXX_LIBRARY = "libc++";
				CLANG_ENABLE_MODULES = YES;
				CLANG_ENABLE_OBJC_ARC = YES;
				CLANG_ENABLE_OBJC_WEAK = YES;
				CLANG_WARN_BLOCK_CAPTURE_AUTORELEASING = YES;
				CLANG_WARN_BOOL_CONVERSION = YES;
				CLANG_WARN_COMMA = YES;
				CLANG_WARN_CONSTANT_CONVERSION = YES;
				CLANG_WARN_DEPRECATED_OBJC_IMPLEMENTATIONS = YES;
				CLANG_WARN_DIRECT_OBJC_ISA_USAGE = YES_ERROR;
				CLANG_WARN_DOCUMENTATION_COMMENTS = YES;
				CLANG_WARN_EMPTY_BODY = YES;
				CLANG_WARN_ENUM_CONVERSION = YES;
				CLANG_WARN_INFINITE_RECURSION = YES;
				CLANG_WARN_INT_CONVERSION = YES;
				CLANG_WARN_NON_LITERAL_NULL_CONVERSION = YES;
				CLANG_WARN_OBJC_IMPLICIT_RETAIN_SELF = YES;
				CLANG_WARN_OBJC_LITERAL_CONVERSION = YES;
				CLANG_WARN_OBJC_ROOT_CLASS = YES_ERROR;
				CLANG_WARN_QUOTED_INCLUDE_IN_FRAMEWORK_HEADER = YES;
				CLANG_WARN_RANGE_LOOP_ANALYSIS = YES;
				CLANG_WARN_STRICT_PROTOTYPES = YES;
				CLANG_WARN_SUSPICIOUS_MOVE = YES;
				CLANG_WARN_UNGUARDED_AVAILABILITY = YES_AGGRESSIVE;
				CLANG_WARN_UNREACHABLE_CODE = YES;
				CLANG_WARN__DUPLICATE_METHOD_MATCH = YES;
				COPY_PHASE_STRIP = NO;
				DEBUG_INFORMATION_FORMAT = "dwarf-with-dsym";
				ENABLE_HARDENED_RUNTIME = YES;
				ENABLE_NS_ASSERTIONS = NO;
				ENABLE_STRICT_OBJC_MSGSEND = YES;
				GCC_C_LANGUAGE_STANDARD = gnu11;
				GCC_NO_COMMON_BLOCKS = YES;
				GCC_WARN_64_TO_32_BIT_CONVERSION = YES;
				GCC_WARN_ABOUT_RETURN_TYPE = YES_ERROR;
				GCC_WARN_UNDECLARED_SELECTOR = YES;
				GCC_WARN_UNINITIALIZED_AUTOS = YES_AGGRESSIVE;
				GCC_WARN_UNUSED_FUNCTION = YES;
				GCC_WARN_UNUSED_VARIABLE = YES;
				MACOSX_DEPLOYMENT_TARGET = 14.0;
				MTL_ENABLE_DEBUG_INFO = NO;
				MTL_FAST_MATH = YES;
				PRODUCT_NAME = "$(TARGET_NAME)";
				SDKROOT = macosx;
				SWIFT_COMPILATION_MODE = wholemodule;
				SWIFT_OPTIMIZATION_LEVEL = "-O";
				SWIFT_VERSION = 5.10;
			};
			name = Release;
		};
		9D6E94F594E3A6100F5D471F /* Release */ = {
			isa = XCBuildConfiguration;
			buildSettings = {
				BUNDLE_LOADER = "$(TEST_HOST)";
				COMBINE_HIDPI_IMAGES = YES;
				GENERATE_INFOPLIST_FILE = YES;
				LD_RUNPATH_SEARCH_PATHS = (
					"$(inherited)",
					"@executable_path/../Frameworks",
					"@loader_path/../Frameworks",
				);
				MACOSX_DEPLOYMENT_TARGET = 14.0;
				PRODUCT_BUNDLE_IDENTIFIER = com.localbar.tests;
				SDKROOT = macosx;
				TEST_HOST = "$(BUILT_PRODUCTS_DIR)/LocalBar.app/Contents/MacOS/LocalBar";
			};
			name = Release;
		};
		B93F0D223F2D912C231F1702 /* Debug */ = {
			isa = XCBuildConfiguration;
			buildSettings = {
				BUNDLE_LOADER = "$(TEST_HOST)";
				COMBINE_HIDPI_IMAGES = YES;
				GENERATE_INFOPLIST_FILE = YES;
				LD_RUNPATH_SEARCH_PATHS = (
					"$(inherited)",
					"@executable_path/Frameworks",
					"@loader_path/Frameworks",
				);
				MACOSX_DEPLOYMENT_TARGET = 14.0;
				PRODUCT_BUNDLE_IDENTIFIER = com.localbar.uitests;
				SDKROOT = macosx;
				TEST_TARGET_NAME = LocalBar;
			};
			name = Debug;
		};
		D4648651E07AC0E017989AA5 /* Debug */ = {
			isa = XCBuildConfiguration;
			buildSettings = {
				BUNDLE_LOADER = "$(TEST_HOST)";
				COMBINE_HIDPI_IMAGES = YES;
				GENERATE_INFOPLIST_FILE = YES;
				LD_RUNPATH_SEARCH_PATHS = (
					"$(inherited)",
					"@executable_path/../Frameworks",
					"@loader_path/../Frameworks",
				);
				MACOSX_DEPLOYMENT_TARGET = 14.0;
				PRODUCT_BUNDLE_IDENTIFIER = com.localbar.tests;
				SDKROOT = macosx;
				TEST_HOST = "$(BUILT_PRODUCTS_DIR)/LocalBar.app/Contents/MacOS/LocalBar";
			};
			name = Debug;
		};
/* End XCBuildConfiguration section */

/* Begin XCConfigurationList section */
		A9CC3009C6519CC562B64E91 /* Build configuration list for PBXNativeTarget "LocalBarTests" */ = {
			isa = XCConfigurationList;
			buildConfigurations = (
				D4648651E07AC0E017989AA5 /* Debug */,
				9D6E94F594E3A6100F5D471F /* Release */,
			);
			defaultConfigurationIsVisible = 0;
			defaultConfigurationName = Debug;
		};
		D62D1518316FAFC148014316 /* Build configuration list for PBXNativeTarget "LocalBar" */ = {
			isa = XCConfigurationList;
			buildConfigurations = (
				360806EEB963C2D2E822705A /* Debug */,
				20F8FECD4EF94DDD0C9DD60E /* Release */,
			);
			defaultConfigurationIsVisible = 0;
			defaultConfigurationName = Debug;
		};
		EEAE4F1891B085FC5BBFA7B1 /* Build configuration list for PBXProject "LocalBar" */ = {
			isa = XCConfigurationList;
			buildConfigurations = (
				28EEF904A1C9BA04390B25DA /* Debug */,
				626A666DA5A49FC65E1BFD97 /* Release */,
			);
			defaultConfigurationIsVisible = 0;
			defaultConfigurationName = Debug;
		};
		F1FA2BD40AA5410C7BA5C8DF /* Build configuration list for PBXNativeTarget "LocalBarUITests" */ = {
			isa = XCConfigurationList;
			buildConfigurations = (
				B93F0D223F2D912C231F1702 /* Debug */,
				0EA35F107BAE87E3C9665495 /* Release */,
			);
			defaultConfigurationIsVisible = 0;
			defaultConfigurationName = Debug;
		};
/* End XCConfigurationList section */
	};
	rootObject = B7F02C71AC41162628021677 /* Project object */;
}
